// !$*UTF8*$!
{
	archiveVersion = 1;
	classes = {
	};
	objectVersion = 56;
	objects = {

/* Begin PBXBuildFile section */
		871429192B3DAF4A003FA2CB /* AppLocalizer.swift in Sources */ = {isa = PBXBuildFile; fileRef = 871429182B3DAF4A003FA2CB /* AppLocalizer.swift */; };
		8714291C2B3DBFDF003FA2CB /* AppMainVC+Menu.swift in Sources */ = {isa = PBXBuildFile; fileRef = 8714291B2B3DBFDF003FA2CB /* AppMainVC+Menu.swift */; };
		8732DDF32B3E896D004B72DE /* HolidayManagerTests.swift in Sources */ = {isa = PBXBuildFile; fileRef = 8732DDF22B3E896D004B72DE /* HolidayManagerTests.swift */; };
		873424D02B35357B00C364BF /* DateGridCell.swift in Sources */ = {isa = PBXBuildFile; fileRef = 873424CF2B35357B00C364BF /* DateGridCell.swift */; };
		8739F9C92B5F611D00BD1F1B /* DateFormatterTests.swift in Sources */ = {isa = PBXBuildFile; fileRef = 8739F9C82B5F611D00BD1F1B /* DateFormatterTests.swift */; };
		873AD8F62B4C3DAB001C90B1 /* AppIconFactory.swift in Sources */ = {isa = PBXBuildFile; fileRef = 873AD8F52B4C3DAB001C90B1 /* AppIconFactory.swift */; };
		8740E2DE2B35DC06004A06C2 /* InfoPlist.xcstrings in Resources */ = {isa = PBXBuildFile; fileRef = 8740E2DD2B35DC06004A06C2 /* InfoPlist.xcstrings */; };
		8740E2E22B35DCB7004A06C2 /* Localizable.xcstrings in Resources */ = {isa = PBXBuildFile; fileRef = 8740E2E12B35DCB7004A06C2 /* Localizable.xcstrings */; };
		8740E2FF2B37C841004A06C2 /* HolidayManager.swift in Sources */ = {isa = PBXBuildFile; fileRef = 8740E2FE2B37C841004A06C2 /* HolidayManager.swift */; };
		8740E3042B37C8F9004A06C2 /* Holidays in Resources */ = {isa = PBXBuildFile; fileRef = 8740E3032B37C8F9004A06C2 /* Holidays */; };
		8740E30B2B37F969004A06C2 /* EventView.swift in Sources */ = {isa = PBXBuildFile; fileRef = 8740E30A2B37F969004A06C2 /* EventView.swift */; };
		8740E30F2B37FB36004A06C2 /* CalendarManager.swift in Sources */ = {isa = PBXBuildFile; fileRef = 8740E30E2B37FB36004A06C2 /* CalendarManager.swift */; };
		8740E31B2B39210F004A06C2 /* AppPreferences.swift in Sources */ = {isa = PBXBuildFile; fileRef = 8740E31A2B39210F004A06C2 /* AppPreferences.swift */; };
		874D77772BCF94900093662D /* Unchecked.swift in Sources */ = {isa = PBXBuildFile; fileRef = 874D77762BCF94900093662D /* Unchecked.swift */; };
		874E992D2B33D8C0002FC90A /* AppDelegate.swift in Sources */ = {isa = PBXBuildFile; fileRef = 874E992C2B33D8C0002FC90A /* AppDelegate.swift */; };
		874E99312B33D8C1002FC90A /* Assets.xcassets in Resources */ = {isa = PBXBuildFile; fileRef = 874E99302B33D8C1002FC90A /* Assets.xcassets */; };
		875A81282B39558000C031C3 /* AppVersion.swift in Sources */ = {isa = PBXBuildFile; fileRef = 875A81262B39558000C031C3 /* AppVersion.swift */; };
		875A81292B39558000C031C3 /* AppUpdater.swift in Sources */ = {isa = PBXBuildFile; fileRef = 875A81272B39558000C031C3 /* AppUpdater.swift */; };
		8777B95A2B3426F7007915B2 /* AppKitControls in Frameworks */ = {isa = PBXBuildFile; productRef = 8777B9592B3426F7007915B2 /* AppKitControls */; };
		8782F4692B33E7E1008B1912 /* AppKitExtensions in Frameworks */ = {isa = PBXBuildFile; productRef = 8782F4682B33E7E1008B1912 /* AppKitExtensions */; };
		8782F46F2B33F627008B1912 /* AppDefinitions.swift in Sources */ = {isa = PBXBuildFile; fileRef = 8782F46E2B33F627008B1912 /* AppDefinitions.swift */; };
		8782F4732B33F8AC008B1912 /* LunarBarKit in Frameworks */ = {isa = PBXBuildFile; productRef = 8782F4722B33F8AC008B1912 /* LunarBarKit */; };
		8782F4772B33F904008B1912 /* AppMainVC.swift in Sources */ = {isa = PBXBuildFile; fileRef = 8782F4762B33F904008B1912 /* AppMainVC.swift */; };
		8782F4832B342413008B1912 /* HeaderView.swift in Sources */ = {isa = PBXBuildFile; fileRef = 8782F4822B342413008B1912 /* HeaderView.swift */; };
		87A28A5D2B344D50006655F2 /* DateGridView.swift in Sources */ = {isa = PBXBuildFile; fileRef = 87A28A5C2B344D50006655F2 /* DateGridView.swift */; };
		87D65EB12B41200100E41049 /* AppPreferencesTests.swift in Sources */ = {isa = PBXBuildFile; fileRef = 87D65EB02B41200100E41049 /* AppPreferencesTests.swift */; };
		87D65EB62B412A4700E41049 /* AppDefinitionsTests.swift in Sources */ = {isa = PBXBuildFile; fileRef = 87D65EB52B412A4700E41049 /* AppDefinitionsTests.swift */; };
		87DA5AFF2B3433D400CE2C1A /* WeekdayView.swift in Sources */ = {isa = PBXBuildFile; fileRef = 87DA5AFE2B3433D400CE2C1A /* WeekdayView.swift */; };
		87F81C542B43EBDE0071CA30 /* main.swift in Sources */ = {isa = PBXBuildFile; fileRef = 87F81C532B43EBDE0071CA30 /* main.swift */; };
/* End PBXBuildFile section */

/* Begin PBXContainerItemProxy section */
		8732DDF42B3E896D004B72DE /* PBXContainerItemProxy */ = {
			isa = PBXContainerItemProxy;
			containerPortal = 874E99212B33D8C0002FC90A /* Project object */;
			proxyType = 1;
			remoteGlobalIDString = 874E99282B33D8C0002FC90A;
			remoteInfo = LunarBarMac;
		};
/* End PBXContainerItemProxy section */

/* Begin PBXFileReference section */
		871429182B3DAF4A003FA2CB /* AppLocalizer.swift */ = {isa = PBXFileReference; lastKnownFileType = sourcecode.swift; path = AppLocalizer.swift; sourceTree = "<group>"; };
		8714291B2B3DBFDF003FA2CB /* AppMainVC+Menu.swift */ = {isa = PBXFileReference; lastKnownFileType = sourcecode.swift; path = "AppMainVC+Menu.swift"; sourceTree = "<group>"; };
		8732DDF02B3E896D004B72DE /* LunarBarMacTests.xctest */ = {isa = PBXFileReference; explicitFileType = wrapper.cfbundle; includeInIndex = 0; path = LunarBarMacTests.xctest; sourceTree = BUILT_PRODUCTS_DIR; };
		8732DDF22B3E896D004B72DE /* HolidayManagerTests.swift */ = {isa = PBXFileReference; lastKnownFileType = sourcecode.swift; path = HolidayManagerTests.swift; sourceTree = "<group>"; };
		873424CF2B35357B00C364BF /* DateGridCell.swift */ = {isa = PBXFileReference; lastKnownFileType = sourcecode.swift; path = DateGridCell.swift; sourceTree = "<group>"; };
		8739F9C82B5F611D00BD1F1B /* DateFormatterTests.swift */ = {isa = PBXFileReference; lastKnownFileType = sourcecode.swift; path = DateFormatterTests.swift; sourceTree = "<group>"; };
		873AD8F52B4C3DAB001C90B1 /* AppIconFactory.swift */ = {isa = PBXFileReference; lastKnownFileType = sourcecode.swift; path = AppIconFactory.swift; sourceTree = "<group>"; };
		8740E2D82B35DB93004A06C2 /* Info.plist */ = {isa = PBXFileReference; lastKnownFileType = text.plist.xml; path = Info.plist; sourceTree = "<group>"; };
		8740E2DD2B35DC06004A06C2 /* InfoPlist.xcstrings */ = {isa = PBXFileReference; lastKnownFileType = text.json.xcstrings; path = InfoPlist.xcstrings; sourceTree = "<group>"; };
		8740E2E12B35DCB7004A06C2 /* Localizable.xcstrings */ = {isa = PBXFileReference; lastKnownFileType = text.json.xcstrings; path = Localizable.xcstrings; sourceTree = "<group>"; };
		8740E2FE2B37C841004A06C2 /* HolidayManager.swift */ = {isa = PBXFileReference; lastKnownFileType = sourcecode.swift; path = HolidayManager.swift; sourceTree = "<group>"; };
		8740E3032B37C8F9004A06C2 /* Holidays */ = {isa = PBXFileReference; lastKnownFileType = folder; path = Holidays; sourceTree = "<group>"; };
		8740E30A2B37F969004A06C2 /* EventView.swift */ = {isa = PBXFileReference; lastKnownFileType = sourcecode.swift; path = EventView.swift; sourceTree = "<group>"; };
		8740E30E2B37FB36004A06C2 /* CalendarManager.swift */ = {isa = PBXFileReference; lastKnownFileType = sourcecode.swift; path = CalendarManager.swift; sourceTree = "<group>"; };
		8740E31A2B39210F004A06C2 /* AppPreferences.swift */ = {isa = PBXFileReference; fileEncoding = 4; lastKnownFileType = sourcecode.swift; path = AppPreferences.swift; sourceTree = "<group>"; };
		874D77762BCF94900093662D /* Unchecked.swift */ = {isa = PBXFileReference; lastKnownFileType = sourcecode.swift; path = Unchecked.swift; sourceTree = "<group>"; };
		874E99292B33D8C0002FC90A /* LunarBar.app */ = {isa = PBXFileReference; explicitFileType = wrapper.application; includeInIndex = 0; path = LunarBar.app; sourceTree = BUILT_PRODUCTS_DIR; };
		874E992C2B33D8C0002FC90A /* AppDelegate.swift */ = {isa = PBXFileReference; lastKnownFileType = sourcecode.swift; path = AppDelegate.swift; sourceTree = "<group>"; };
		874E99302B33D8C1002FC90A /* Assets.xcassets */ = {isa = PBXFileReference; lastKnownFileType = folder.assetcatalog; path = Assets.xcassets; sourceTree = "<group>"; };
		874E99352B33D8C1002FC90A /* Info.entitlements */ = {isa = PBXFileReference; lastKnownFileType = text.plist.entitlements; path = Info.entitlements; sourceTree = "<group>"; };
		874E993F2B33DC20002FC90A /* LunarBarTools */ = {isa = PBXFileReference; lastKnownFileType = wrapper; path = LunarBarTools; sourceTree = "<group>"; };
		875A81262B39558000C031C3 /* AppVersion.swift */ = {isa = PBXFileReference; fileEncoding = 4; lastKnownFileType = sourcecode.swift; path = AppVersion.swift; sourceTree = "<group>"; };
		875A81272B39558000C031C3 /* AppUpdater.swift */ = {isa = PBXFileReference; fileEncoding = 4; lastKnownFileType = sourcecode.swift; path = AppUpdater.swift; sourceTree = "<group>"; };
		8782F4652B33E740008B1912 /* Modules */ = {isa = PBXFileReference; lastKnownFileType = wrapper; path = Modules; sourceTree = "<group>"; };
		8782F46E2B33F627008B1912 /* AppDefinitions.swift */ = {isa = PBXFileReference; lastKnownFileType = sourcecode.swift; path = AppDefinitions.swift; sourceTree = "<group>"; };
		8782F4702B33F841008B1912 /* LunarBarKit */ = {isa = PBXFileReference; lastKnownFileType = wrapper; path = LunarBarKit; sourceTree = "<group>"; };
		8782F4762B33F904008B1912 /* AppMainVC.swift */ = {isa = PBXFileReference; lastKnownFileType = sourcecode.swift; path = AppMainVC.swift; sourceTree = "<group>"; };
		8782F4822B342413008B1912 /* HeaderView.swift */ = {isa = PBXFileReference; lastKnownFileType = sourcecode.swift; path = HeaderView.swift; sourceTree = "<group>"; };
		87A28A5C2B344D50006655F2 /* DateGridView.swift */ = {isa = PBXFileReference; lastKnownFileType = sourcecode.swift; path = DateGridView.swift; sourceTree = "<group>"; };
		87D65EB02B41200100E41049 /* AppPreferencesTests.swift */ = {isa = PBXFileReference; lastKnownFileType = sourcecode.swift; path = AppPreferencesTests.swift; sourceTree = "<group>"; };
		87D65EB52B412A4700E41049 /* AppDefinitionsTests.swift */ = {isa = PBXFileReference; lastKnownFileType = sourcecode.swift; path = AppDefinitionsTests.swift; sourceTree = "<group>"; };
		87DA5AFE2B3433D400CE2C1A /* WeekdayView.swift */ = {isa = PBXFileReference; lastKnownFileType = sourcecode.swift; path = WeekdayView.swift; sourceTree = "<group>"; };
		87F81C532B43EBDE0071CA30 /* main.swift */ = {isa = PBXFileReference; lastKnownFileType = sourcecode.swift; path = main.swift; sourceTree = "<group>"; };
		87F862152B33DE1E00857541 /* Build.xcconfig */ = {isa = PBXFileReference; fileEncoding = 4; lastKnownFileType = text.xcconfig; path = Build.xcconfig; sourceTree = "<group>"; };
/* End PBXFileReference section */

/* Begin PBXFrameworksBuildPhase section */
		8732DDED2B3E896D004B72DE /* Frameworks */ = {
			isa = PBXFrameworksBuildPhase;
			buildActionMask = 2147483647;
			files = (
			);
			runOnlyForDeploymentPostprocessing = 0;
		};
		874E99262B33D8C0002FC90A /* Frameworks */ = {
			isa = PBXFrameworksBuildPhase;
			buildActionMask = 2147483647;
			files = (
				8777B95A2B3426F7007915B2 /* AppKitControls in Frameworks */,
				8782F4732B33F8AC008B1912 /* LunarBarKit in Frameworks */,
				8782F4692B33E7E1008B1912 /* AppKitExtensions in Frameworks */,
			);
			runOnlyForDeploymentPostprocessing = 0;
		};
/* End PBXFrameworksBuildPhase section */

/* Begin PBXGroup section */
		871429242B3DC16A003FA2CB /* Shared */ = {
			isa = PBXGroup;
			children = (
				8782F46E2B33F627008B1912 /* AppDefinitions.swift */,
				873AD8F52B4C3DAB001C90B1 /* AppIconFactory.swift */,
				871429182B3DAF4A003FA2CB /* AppLocalizer.swift */,
				8740E31A2B39210F004A06C2 /* AppPreferences.swift */,
			);
			path = Shared;
			sourceTree = "<group>";
		};
		8732DDF12B3E896D004B72DE /* LunarBarMacTests */ = {
			isa = PBXGroup;
			children = (
				8739F9C82B5F611D00BD1F1B /* DateFormatterTests.swift */,
				87D65EB52B412A4700E41049 /* AppDefinitionsTests.swift */,
				87D65EB02B41200100E41049 /* AppPreferencesTests.swift */,
				8732DDF22B3E896D004B72DE /* HolidayManagerTests.swift */,
			);
			path = LunarBarMacTests;
			sourceTree = "<group>";
		};
		8740E2FD2B37C823004A06C2 /* Managers */ = {
			isa = PBXGroup;
			children = (
				8740E30E2B37FB36004A06C2 /* CalendarManager.swift */,
				8740E2FE2B37C841004A06C2 /* HolidayManager.swift */,
			);
			path = Managers;
			sourceTree = "<group>";
		};
		874E99202B33D8C0002FC90A = {
			isa = PBXGroup;
			children = (
				8782F4702B33F841008B1912 /* LunarBarKit */,
				874E993F2B33DC20002FC90A /* LunarBarTools */,
				874E992B2B33D8C0002FC90A /* LunarBarMac */,
				8732DDF12B3E896D004B72DE /* LunarBarMacTests */,
				874E992A2B33D8C0002FC90A /* Products */,
				8782F4672B33E7E1008B1912 /* Frameworks */,
				87F862152B33DE1E00857541 /* Build.xcconfig */,
			);
			indentWidth = 2;
			sourceTree = "<group>";
			tabWidth = 2;
		};
		874E992A2B33D8C0002FC90A /* Products */ = {
			isa = PBXGroup;
			children = (
				874E99292B33D8C0002FC90A /* LunarBar.app */,
				8732DDF02B3E896D004B72DE /* LunarBarMacTests.xctest */,
			);
			name = Products;
			sourceTree = "<group>";
		};
		874E992B2B33D8C0002FC90A /* LunarBarMac */ = {
			isa = PBXGroup;
			children = (
				8782F4652B33E740008B1912 /* Modules */,
				874E993E2B33D97D002FC90A /* Sources */,
				874E993C2B33D95E002FC90A /* Resources */,
				874E993B2B33D955002FC90A /* Supporting Files */,
			);
			path = LunarBarMac;
			sourceTree = "<group>";
		};
		874E993B2B33D955002FC90A /* Supporting Files */ = {
			isa = PBXGroup;
			children = (
				8740E2D82B35DB93004A06C2 /* Info.plist */,
				874E99352B33D8C1002FC90A /* Info.entitlements */,
				87F81C532B43EBDE0071CA30 /* main.swift */,
			);
			name = "Supporting Files";
			sourceTree = "<group>";
		};
		874E993C2B33D95E002FC90A /* Resources */ = {
			isa = PBXGroup;
			children = (
				8740E3032B37C8F9004A06C2 /* Holidays */,
				874E99302B33D8C1002FC90A /* Assets.xcassets */,
				8740E2DD2B35DC06004A06C2 /* InfoPlist.xcstrings */,
				8740E2E12B35DCB7004A06C2 /* Localizable.xcstrings */,
			);
			path = Resources;
			sourceTree = "<group>";
		};
		874E993E2B33D97D002FC90A /* Sources */ = {
			isa = PBXGroup;
			children = (
				8782F46C2B33F606008B1912 /* Main */,
				871429242B3DC16A003FA2CB /* Shared */,
				8740E2FD2B37C823004A06C2 /* Managers */,
				8782F4752B33F8EF008B1912 /* Views */,
				875A81252B39558000C031C3 /* Updater */,
				874D77762BCF94900093662D /* Unchecked.swift */,
			);
			path = Sources;
			sourceTree = "<group>";
		};
		875A81252B39558000C031C3 /* Updater */ = {
			isa = PBXGroup;
			children = (
				875A81262B39558000C031C3 /* AppVersion.swift */,
				875A81272B39558000C031C3 /* AppUpdater.swift */,
			);
			path = Updater;
			sourceTree = "<group>";
		};
		8782F4672B33E7E1008B1912 /* Frameworks */ = {
			isa = PBXGroup;
			children = (
			);
			name = Frameworks;
			sourceTree = "<group>";
		};
		8782F46C2B33F606008B1912 /* Main */ = {
			isa = PBXGroup;
			children = (
				874E992C2B33D8C0002FC90A /* AppDelegate.swift */,
				8782F4762B33F904008B1912 /* AppMainVC.swift */,
				8714291B2B3DBFDF003FA2CB /* AppMainVC+Menu.swift */,
			);
			path = Main;
			sourceTree = "<group>";
		};
		8782F4752B33F8EF008B1912 /* Views */ = {
			isa = PBXGroup;
			children = (
				8782F4822B342413008B1912 /* HeaderView.swift */,
				87DA5AFE2B3433D400CE2C1A /* WeekdayView.swift */,
				8740E30A2B37F969004A06C2 /* EventView.swift */,
				87A28A5C2B344D50006655F2 /* DateGridView.swift */,
				873424CF2B35357B00C364BF /* DateGridCell.swift */,
			);
			path = Views;
			sourceTree = "<group>";
		};
/* End PBXGroup section */

/* Begin PBXNativeTarget section */
		8732DDEF2B3E896D004B72DE /* LunarBarMacTests */ = {
			isa = PBXNativeTarget;
			buildConfigurationList = 8732DDF82B3E896D004B72DE /* Build configuration list for PBXNativeTarget "LunarBarMacTests" */;
			buildPhases = (
				8732DDEC2B3E896D004B72DE /* Sources */,
				8732DDED2B3E896D004B72DE /* Frameworks */,
				8732DDEE2B3E896D004B72DE /* Resources */,
			);
			buildRules = (
			);
			dependencies = (
				8732DDF52B3E896D004B72DE /* PBXTargetDependency */,
			);
			name = LunarBarMacTests;
			productName = LunarBarMacTests;
			productReference = 8732DDF02B3E896D004B72DE /* LunarBarMacTests.xctest */;
			productType = "com.apple.product-type.bundle.unit-test";
		};
		874E99282B33D8C0002FC90A /* LunarBarMac */ = {
			isa = PBXNativeTarget;
			buildConfigurationList = 874E99382B33D8C1002FC90A /* Build configuration list for PBXNativeTarget "LunarBarMac" */;
			buildPhases = (
				874E99252B33D8C0002FC90A /* Sources */,
				874E99262B33D8C0002FC90A /* Frameworks */,
				874E99272B33D8C0002FC90A /* Resources */,
			);
			buildRules = (
			);
			dependencies = (
				87F862132B33DDC400857541 /* PBXTargetDependency */,
			);
			name = LunarBarMac;
			packageProductDependencies = (
				8782F4682B33E7E1008B1912 /* AppKitExtensions */,
				8782F4722B33F8AC008B1912 /* LunarBarKit */,
				8777B9592B3426F7007915B2 /* AppKitControls */,
			);
			productName = LunarBar;
			productReference = 874E99292B33D8C0002FC90A /* LunarBar.app */;
			productType = "com.apple.product-type.application";
		};
/* End PBXNativeTarget section */

/* Begin PBXProject section */
		874E99212B33D8C0002FC90A /* Project object */ = {
			isa = PBXProject;
			attributes = {
				BuildIndependentTargetsInParallel = 1;
				LastSwiftUpdateCheck = 1510;
				LastUpgradeCheck = 1520;
				TargetAttributes = {
					8732DDEF2B3E896D004B72DE = {
						CreatedOnToolsVersion = 15.1;
						TestTargetID = 874E99282B33D8C0002FC90A;
					};
					874E99282B33D8C0002FC90A = {
						CreatedOnToolsVersion = 15.1;
					};
				};
			};
			buildConfigurationList = 874E99242B33D8C0002FC90A /* Build configuration list for PBXProject "LunarBar" */;
			compatibilityVersion = "Xcode 14.0";
			developmentRegion = en;
			hasScannedForEncodings = 0;
			knownRegions = (
				en,
				Base,
				"zh-Hans",
				"zh-Hant",
			);
			mainGroup = 874E99202B33D8C0002FC90A;
			productRefGroup = 874E992A2B33D8C0002FC90A /* Products */;
			projectDirPath = "";
			projectRoot = "";
			targets = (
				874E99282B33D8C0002FC90A /* LunarBarMac */,
				8732DDEF2B3E896D004B72DE /* LunarBarMacTests */,
			);
		};
/* End PBXProject section */

/* Begin PBXResourcesBuildPhase section */
		8732DDEE2B3E896D004B72DE /* Resources */ = {
			isa = PBXResourcesBuildPhase;
			buildActionMask = 2147483647;
			files = (
			);
			runOnlyForDeploymentPostprocessing = 0;
		};
		874E99272B33D8C0002FC90A /* Resources */ = {
			isa = PBXResourcesBuildPhase;
			buildActionMask = 2147483647;
			files = (
				874E99312B33D8C1002FC90A /* Assets.xcassets in Resources */,
				8740E2E22B35DCB7004A06C2 /* Localizable.xcstrings in Resources */,
				8740E2DE2B35DC06004A06C2 /* InfoPlist.xcstrings in Resources */,
				8740E3042B37C8F9004A06C2 /* Holidays in Resources */,
			);
			runOnlyForDeploymentPostprocessing = 0;
		};
/* End PBXResourcesBuildPhase section */

/* Begin PBXSourcesBuildPhase section */
		8732DDEC2B3E896D004B72DE /* Sources */ = {
			isa = PBXSourcesBuildPhase;
			buildActionMask = 2147483647;
			files = (
				8739F9C92B5F611D00BD1F1B /* DateFormatterTests.swift in Sources */,
				87D65EB12B41200100E41049 /* AppPreferencesTests.swift in Sources */,
				8732DDF32B3E896D004B72DE /* HolidayManagerTests.swift in Sources */,
				87D65EB62B412A4700E41049 /* AppDefinitionsTests.swift in Sources */,
			);
			runOnlyForDeploymentPostprocessing = 0;
		};
		874E99252B33D8C0002FC90A /* Sources */ = {
			isa = PBXSourcesBuildPhase;
			buildActionMask = 2147483647;
			files = (
				8782F4772B33F904008B1912 /* AppMainVC.swift in Sources */,
				874E992D2B33D8C0002FC90A /* AppDelegate.swift in Sources */,
				87A28A5D2B344D50006655F2 /* DateGridView.swift in Sources */,
				8782F4832B342413008B1912 /* HeaderView.swift in Sources */,
				873424D02B35357B00C364BF /* DateGridCell.swift in Sources */,
				871429192B3DAF4A003FA2CB /* AppLocalizer.swift in Sources */,
				875A81292B39558000C031C3 /* AppUpdater.swift in Sources */,
				875A81282B39558000C031C3 /* AppVersion.swift in Sources */,
				8782F46F2B33F627008B1912 /* AppDefinitions.swift in Sources */,
				8740E31B2B39210F004A06C2 /* AppPreferences.swift in Sources */,
				874D77772BCF94900093662D /* Unchecked.swift in Sources */,
				87F81C542B43EBDE0071CA30 /* main.swift in Sources */,
				87DA5AFF2B3433D400CE2C1A /* WeekdayView.swift in Sources */,
				8740E2FF2B37C841004A06C2 /* HolidayManager.swift in Sources */,
				873AD8F62B4C3DAB001C90B1 /* AppIconFactory.swift in Sources */,
				8740E30F2B37FB36004A06C2 /* CalendarManager.swift in Sources */,
				8714291C2B3DBFDF003FA2CB /* AppMainVC+Menu.swift in Sources */,
				8740E30B2B37F969004A06C2 /* EventView.swift in Sources */,
			);
			runOnlyForDeploymentPostprocessing = 0;
		};
/* End PBXSourcesBuildPhase section */

/* Begin PBXTargetDependency section */
		8732DDF52B3E896D004B72DE /* PBXTargetDependency */ = {
			isa = PBXTargetDependency;
			target = 874E99282B33D8C0002FC90A /* LunarBarMac */;
			targetProxy = 8732DDF42B3E896D004B72DE /* PBXContainerItemProxy */;
		};
		87F862132B33DDC400857541 /* PBXTargetDependency */ = {
			isa = PBXTargetDependency;
			productRef = 87F862122B33DDC400857541 /* SwiftLint */;
		};
/* End PBXTargetDependency section */

/* Begin XCBuildConfiguration section */
		8732DDF62B3E896D004B72DE /* Debug */ = {
			isa = XCBuildConfiguration;
			buildSettings = {
				BUNDLE_LOADER = "$(TEST_HOST)";
				CODE_SIGN_STYLE = Automatic;
				CURRENT_PROJECT_VERSION = "$(inherited)";
				DEAD_CODE_STRIPPING = YES;
				DEVELOPMENT_TEAM = "$(inherited)";
				GENERATE_INFOPLIST_FILE = YES;
				MACOSX_DEPLOYMENT_TARGET = 13.0;
				MARKETING_VERSION = "$(inherited)";
				PRODUCT_BUNDLE_IDENTIFIER = "app.cyan.lunarbar-tests";
				PRODUCT_NAME = "$(TARGET_NAME)";
				SWIFT_EMIT_LOC_STRINGS = NO;
				SWIFT_VERSION = 5.0;
				TEST_HOST = "$(BUILT_PRODUCTS_DIR)/LunarBar.app/$(BUNDLE_EXECUTABLE_FOLDER_PATH)/LunarBar";
			};
			name = Debug;
		};
		8732DDF72B3E896D004B72DE /* Release */ = {
			isa = XCBuildConfiguration;
			buildSettings = {
				BUNDLE_LOADER = "$(TEST_HOST)";
				CODE_SIGN_STYLE = Automatic;
				CURRENT_PROJECT_VERSION = "$(inherited)";
				DEAD_CODE_STRIPPING = YES;
				DEVELOPMENT_TEAM = "$(inherited)";
				GENERATE_INFOPLIST_FILE = YES;
				MACOSX_DEPLOYMENT_TARGET = 13.0;
				MARKETING_VERSION = "$(inherited)";
				PRODUCT_BUNDLE_IDENTIFIER = "app.cyan.lunarbar-tests";
				PRODUCT_NAME = "$(TARGET_NAME)";
				SWIFT_EMIT_LOC_STRINGS = NO;
				SWIFT_VERSION = 5.0;
				TEST_HOST = "$(BUILT_PRODUCTS_DIR)/LunarBar.app/$(BUNDLE_EXECUTABLE_FOLDER_PATH)/LunarBar";
			};
			name = Release;
		};
		874E99362B33D8C1002FC90A /* Debug */ = {
			isa = XCBuildConfiguration;
			baseConfigurationReference = 87F862152B33DE1E00857541 /* Build.xcconfig */;
			buildSettings = {
				ALWAYS_SEARCH_USER_PATHS = NO;
				ASSETCATALOG_COMPILER_GENERATE_SWIFT_ASSET_SYMBOL_EXTENSIONS = YES;
				CLANG_ANALYZER_LOCALIZABILITY_NONLOCALIZED = YES;
				CLANG_ANALYZER_NONNULL = YES;
				CLANG_ANALYZER_NUMBER_OBJECT_CONVERSION = YES_AGGRESSIVE;
				CLANG_CXX_LANGUAGE_STANDARD = "gnu++20";
				CLANG_ENABLE_MODULES = YES;
				CLANG_ENABLE_OBJC_ARC = YES;
				CLANG_ENABLE_OBJC_WEAK = YES;
				CLANG_WARN_BLOCK_CAPTURE_AUTORELEASING = YES;
				CLANG_WARN_BOOL_CONVERSION = YES;
				CLANG_WARN_COMMA = YES;
				CLANG_WARN_CONSTANT_CONVERSION = YES;
				CLANG_WARN_DEPRECATED_OBJC_IMPLEMENTATIONS = YES;
				CLANG_WARN_DIRECT_OBJC_ISA_USAGE = YES_ERROR;
				CLANG_WARN_DOCUMENTATION_COMMENTS = YES;
				CLANG_WARN_EMPTY_BODY = YES;
				CLANG_WARN_ENUM_CONVERSION = YES;
				CLANG_WARN_INFINITE_RECURSION = YES;
				CLANG_WARN_INT_CONVERSION = YES;
				CLANG_WARN_NON_LITERAL_NULL_CONVERSION = YES;
				CLANG_WARN_OBJC_IMPLICIT_RETAIN_SELF = YES;
				CLANG_WARN_OBJC_LITERAL_CONVERSION = YES;
				CLANG_WARN_OBJC_ROOT_CLASS = YES_ERROR;
				CLANG_WARN_QUOTED_INCLUDE_IN_FRAMEWORK_HEADER = YES;
				CLANG_WARN_RANGE_LOOP_ANALYSIS = YES;
				CLANG_WARN_STRICT_PROTOTYPES = YES;
				CLANG_WARN_SUSPICIOUS_MOVE = YES;
				CLANG_WARN_UNGUARDED_AVAILABILITY = YES_AGGRESSIVE;
				CLANG_WARN_UNREACHABLE_CODE = YES;
				CLANG_WARN__DUPLICATE_METHOD_MATCH = YES;
				COPY_PHASE_STRIP = NO;
				DEAD_CODE_STRIPPING = YES;
				DEBUG_INFORMATION_FORMAT = dwarf;
				ENABLE_STRICT_OBJC_MSGSEND = YES;
				ENABLE_TESTABILITY = YES;
				ENABLE_USER_SCRIPT_SANDBOXING = YES;
				GCC_C_LANGUAGE_STANDARD = gnu17;
				GCC_DYNAMIC_NO_PIC = NO;
				GCC_NO_COMMON_BLOCKS = YES;
				GCC_OPTIMIZATION_LEVEL = 0;
				GCC_PREPROCESSOR_DEFINITIONS = (
					"DEBUG=1",
					"$(inherited)",
				);
				GCC_TREAT_WARNINGS_AS_ERRORS = YES;
				GCC_WARN_64_TO_32_BIT_CONVERSION = YES;
				GCC_WARN_ABOUT_RETURN_TYPE = YES_ERROR;
				GCC_WARN_UNDECLARED_SELECTOR = YES;
				GCC_WARN_UNINITIALIZED_AUTOS = YES_AGGRESSIVE;
				GCC_WARN_UNUSED_FUNCTION = YES;
				GCC_WARN_UNUSED_VARIABLE = YES;
				LOCALIZATION_PREFERS_STRING_CATALOGS = YES;
				MACOSX_DEPLOYMENT_TARGET = 13.0;
				MTL_ENABLE_DEBUG_INFO = INCLUDE_SOURCE;
				MTL_FAST_MATH = YES;
				ONLY_ACTIVE_ARCH = YES;
				SDKROOT = macosx;
				SWIFT_ACTIVE_COMPILATION_CONDITIONS = "DEBUG $(inherited)";
				SWIFT_OPTIMIZATION_LEVEL = "-Onone";
				SWIFT_STRICT_CONCURRENCY = complete;
			};
			name = Debug;
		};
		874E99372B33D8C1002FC90A /* Release */ = {
			isa = XCBuildConfiguration;
			baseConfigurationReference = 87F862152B33DE1E00857541 /* Build.xcconfig */;
			buildSettings = {
				ALWAYS_SEARCH_USER_PATHS = NO;
				ASSETCATALOG_COMPILER_GENERATE_SWIFT_ASSET_SYMBOL_EXTENSIONS = YES;
				CLANG_ANALYZER_LOCALIZABILITY_NONLOCALIZED = YES;
				CLANG_ANALYZER_NONNULL = YES;
				CLANG_ANALYZER_NUMBER_OBJECT_CONVERSION = YES_AGGRESSIVE;
				CLANG_CXX_LANGUAGE_STANDARD = "gnu++20";
				CLANG_ENABLE_MODULES = YES;
				CLANG_ENABLE_OBJC_ARC = YES;
				CLANG_ENABLE_OBJC_WEAK = YES;
				CLANG_WARN_BLOCK_CAPTURE_AUTORELEASING = YES;
				CLANG_WARN_BOOL_CONVERSION = YES;
				CLANG_WARN_COMMA = YES;
				CLANG_WARN_CONSTANT_CONVERSION = YES;
				CLANG_WARN_DEPRECATED_OBJC_IMPLEMENTATIONS = YES;
				CLANG_WARN_DIRECT_OBJC_ISA_USAGE = YES_ERROR;
				CLANG_WARN_DOCUMENTATION_COMMENTS = YES;
				CLANG_WARN_EMPTY_BODY = YES;
				CLANG_WARN_ENUM_CONVERSION = YES;
				CLANG_WARN_INFINITE_RECURSION = YES;
				CLANG_WARN_INT_CONVERSION = YES;
				CLANG_WARN_NON_LITERAL_NULL_CONVERSION = YES;
				CLANG_WARN_OBJC_IMPLICIT_RETAIN_SELF = YES;
				CLANG_WARN_OBJC_LITERAL_CONVERSION = YES;
				CLANG_WARN_OBJC_ROOT_CLASS = YES_ERROR;
				CLANG_WARN_QUOTED_INCLUDE_IN_FRAMEWORK_HEADER = YES;
				CLANG_WARN_RANGE_LOOP_ANALYSIS = YES;
				CLANG_WARN_STRICT_PROTOTYPES = YES;
				CLANG_WARN_SUSPICIOUS_MOVE = YES;
				CLANG_WARN_UNGUARDED_AVAILABILITY = YES_AGGRESSIVE;
				CLANG_WARN_UNREACHABLE_CODE = YES;
				CLANG_WARN__DUPLICATE_METHOD_MATCH = YES;
				COPY_PHASE_STRIP = NO;
				DEAD_CODE_STRIPPING = YES;
				DEBUG_INFORMATION_FORMAT = "dwarf-with-dsym";
				ENABLE_NS_ASSERTIONS = NO;
				ENABLE_STRICT_OBJC_MSGSEND = YES;
				ENABLE_USER_SCRIPT_SANDBOXING = YES;
				GCC_C_LANGUAGE_STANDARD = gnu17;
				GCC_NO_COMMON_BLOCKS = YES;
				GCC_TREAT_WARNINGS_AS_ERRORS = YES;
				GCC_WARN_64_TO_32_BIT_CONVERSION = YES;
				GCC_WARN_ABOUT_RETURN_TYPE = YES_ERROR;
				GCC_WARN_UNDECLARED_SELECTOR = YES;
				GCC_WARN_UNINITIALIZED_AUTOS = YES_AGGRESSIVE;
				GCC_WARN_UNUSED_FUNCTION = YES;
				GCC_WARN_UNUSED_VARIABLE = YES;
				LOCALIZATION_PREFERS_STRING_CATALOGS = YES;
				MACOSX_DEPLOYMENT_TARGET = 13.0;
				MTL_ENABLE_DEBUG_INFO = NO;
				MTL_FAST_MATH = YES;
				SDKROOT = macosx;
				SWIFT_COMPILATION_MODE = wholemodule;
				SWIFT_STRICT_CONCURRENCY = complete;
			};
			name = Release;
		};
		874E99392B33D8C1002FC90A /* Debug */ = {
			isa = XCBuildConfiguration;
			baseConfigurationReference = 87F862152B33DE1E00857541 /* Build.xcconfig */;
			buildSettings = {
				ASSETCATALOG_COMPILER_APPICON_NAME = AppIcon;
				ASSETCATALOG_COMPILER_GLOBAL_ACCENT_COLOR_NAME = AccentColor;
				CODE_SIGN_ENTITLEMENTS = LunarBarMac/Info.entitlements;
				CODE_SIGN_STYLE = Automatic;
				COMBINE_HIDPI_IMAGES = YES;
				CURRENT_PROJECT_VERSION = "$(inherited)";
				DEAD_CODE_STRIPPING = YES;
				DEVELOPMENT_TEAM = "$(inherited)";
				ENABLE_HARDENED_RUNTIME = YES;
				GENERATE_INFOPLIST_FILE = YES;
				INFOPLIST_FILE = LunarBarMac/Info.plist;
				INFOPLIST_KEY_CFBundleDisplayName = LunarBar;
				INFOPLIST_KEY_LSApplicationCategoryType = "public.app-category.utilities";
				INFOPLIST_KEY_NSHumanReadableCopyright = "A bright moon rises over the sea, sharing this moment, though worlds apart.";
				INFOPLIST_KEY_NSPrincipalClass = NSApplication;
				LD_RUNPATH_SEARCH_PATHS = (
					"$(inherited)",
					"@executable_path/../Frameworks",
				);
				MARKETING_VERSION = "$(inherited)";
				PRODUCT_BUNDLE_IDENTIFIER = "$(inherited)";
				PRODUCT_NAME = LunarBar;
				SWIFT_EMIT_LOC_STRINGS = YES;
				SWIFT_VERSION = 5.0;
			};
			name = Debug;
		};
		874E993A2B33D8C1002FC90A /* Release */ = {
			isa = XCBuildConfiguration;
			baseConfigurationReference = 87F862152B33DE1E00857541 /* Build.xcconfig */;
			buildSettings = {
				ASSETCATALOG_COMPILER_APPICON_NAME = AppIcon;
				ASSETCATALOG_COMPILER_GLOBAL_ACCENT_COLOR_NAME = AccentColor;
				CODE_SIGN_ENTITLEMENTS = LunarBarMac/Info.entitlements;
				CODE_SIGN_STYLE = Automatic;
				COMBINE_HIDPI_IMAGES = YES;
				CURRENT_PROJECT_VERSION = "$(inherited)";
				DEAD_CODE_STRIPPING = YES;
				DEVELOPMENT_TEAM = "$(inherited)";
				ENABLE_HARDENED_RUNTIME = YES;
				GENERATE_INFOPLIST_FILE = YES;
				INFOPLIST_FILE = LunarBarMac/Info.plist;
				INFOPLIST_KEY_CFBundleDisplayName = LunarBar;
				INFOPLIST_KEY_LSApplicationCategoryType = "public.app-category.utilities";
				INFOPLIST_KEY_NSHumanReadableCopyright = "A bright moon rises over the sea, sharing this moment, though worlds apart.";
				INFOPLIST_KEY_NSPrincipalClass = NSApplication;
				LD_RUNPATH_SEARCH_PATHS = (
					"$(inherited)",
					"@executable_path/../Frameworks",
				);
				MARKETING_VERSION = "$(inherited)";
				PRODUCT_BUNDLE_IDENTIFIER = "$(inherited)";
				PRODUCT_NAME = LunarBar;
				SWIFT_EMIT_LOC_STRINGS = YES;
				SWIFT_VERSION = 5.0;
			};
			name = Release;
		};
/* End XCBuildConfiguration section */

/* Begin XCConfigurationList section */
		8732DDF82B3E896D004B72DE /* Build configuration list for PBXNativeTarget "LunarBarMacTests" */ = {
			isa = XCConfigurationList;
			buildConfigurations = (
				8732DDF62B3E896D004B72DE /* Debug */,
				8732DDF72B3E896D004B72DE /* Release */,
			);
			defaultConfigurationIsVisible = 0;
			defaultConfigurationName = Release;
		};
		874E99242B33D8C0002FC90A /* Build configuration list for PBXProject "LunarBar" */ = {
			isa = XCConfigurationList;
			buildConfigurations = (
				874E99362B33D8C1002FC90A /* Debug */,
				874E99372B33D8C1002FC90A /* Release */,
			);
			defaultConfigurationIsVisible = 0;
			defaultConfigurationName = Release;
		};
		874E99382B33D8C1002FC90A /* Build configuration list for PBXNativeTarget "LunarBarMac" */ = {
			isa = XCConfigurationList;
			buildConfigurations = (
				874E99392B33D8C1002FC90A /* Debug */,
				874E993A2B33D8C1002FC90A /* Release */,
			);
			defaultConfigurationIsVisible = 0;
			defaultConfigurationName = Release;
		};
/* End XCConfigurationList section */

/* Begin XCSwiftPackageProductDependency section */
		8777B9592B3426F7007915B2 /* AppKitControls */ = {
			isa = XCSwiftPackageProductDependency;
			productName = AppKitControls;
		};
		8782F4682B33E7E1008B1912 /* AppKitExtensions */ = {
			isa = XCSwiftPackageProductDependency;
			productName = AppKitExtensions;
		};
		8782F4722B33F8AC008B1912 /* LunarBarKit */ = {
			isa = XCSwiftPackageProductDependency;
			productName = LunarBarKit;
		};
		87F862122B33DDC400857541 /* SwiftLint */ = {
			isa = XCSwiftPackageProductDependency;
			productName = "plugin:SwiftLint";
		};
/* End XCSwiftPackageProductDependency section */
	};
	rootObject = 874E99212B33D8C0002FC90A /* Project object */;
}
